
Microsoft Visual Studio Solution File, Format Version 12.00
Project("{FAE04EC0-301F-11D3-BF4B-00C04F79EFBC}") = "SupermarketCheckout", "SupermarketCheckout\SupermarketCheckout.csproj", "{47E83760-195F-4E16-A565-546F6FF4ACF0}"
EndProject
Project("{FAE04EC0-301F-11D3-BF4B-00C04F79EFBC}") = "SupermarketCheckoutTest", "SupermarketCheckoutTest\SupermarketCheckoutTest.csproj", "{CF713637-0C8E-4CC2-990D-7032A389FFAC}"
EndProject
Global
	GlobalSection(SolutionConfigurationPlatforms) = preSolution
		Debug|Any CPU = Debug|Any CPU
		Release|Any CPU = Release|Any CPU
	EndGlobalSection
	GlobalSection(ProjectConfigurationPlatforms) = postSolution
		{47E83760-195F-4E16-A565-546F6FF4ACF0}.Debug|Any CPU.ActiveCfg = Debug|Any CPU
		{47E83760-195F-4E16-A565-546F6FF4ACF0}.Debug|Any CPU.Build.0 = Debug|Any CPU
		{47E83760-195F-4E16-A565-546F6FF4ACF0}.Release|Any CPU.ActiveCfg = Release|Any CPU
		{47E83760-195F-4E16-A565-546F6FF4ACF0}.Release|Any CPU.Build.0 = Release|Any CPU
		{CF713637-0C8E-4CC2-990D-7032A389FFAC}.Debug|Any CPU.ActiveCfg = Debug|Any CPU
		{CF713637-0C8E-4CC2-990D-7032A389FFAC}.Debug|Any CPU.Build.0 = Debug|Any CPU
		{CF713637-0C8E-4CC2-990D-7032A389FFAC}.Release|Any CPU.ActiveCfg = Release|Any CPU
		{CF713637-0C8E-4CC2-990D-7032A389FFAC}.Release|Any CPU.Build.0 = Release|Any CPU
	EndGlobalSection
EndGlobal
